
Microsoft Visual Studio Solution File, Format Version 12.00
# Visual Studio Version 17
VisualStudioVersion = 17.13.35913.81 d17.13
MinimumVisualStudioVersion = 10.0.40219.1
Project("{FAE04EC0-301F-11D3-BF4B-00C04F79EFBC}") = "SenacFoods", "SenacFoods\SenacFoods.csproj", "{6326C533-36E1-4159-9B97-08B0CBF45F0B}"
EndProject
Global
	GlobalSection(SolutionConfigurationPlatforms) = preSolution
		Debug|Any CPU = Debug|Any CPU
		Release|Any CPU = Release|Any CPU
	EndGlobalSection
	GlobalSection(ProjectConfigurationPlatforms) = postSolution
		{6326C533-36E1-4159-9B97-08B0CBF45F0B}.Debug|Any CPU.ActiveCfg = Debug|Any CPU
		{6326C533-36E1-4159-9B97-08B0CBF45F0B}.Debug|Any CPU.Build.0 = Debug|Any CPU
		{6326C533-36E1-4159-9B97-08B0CBF45F0B}.Release|Any CPU.ActiveCfg = Release|Any CPU
		{6326C533-36E1-4159-9B97-08B0CBF45F0B}.Release|Any CPU.Build.0 = Release|Any CPU
	EndGlobalSection
	GlobalSection(SolutionProperties) = preSolution
		HideSolutionNode = FALSE
	EndGlobalSection
	GlobalSection(ExtensibilityGlobals) = postSolution
		SolutionGuid = {C6247B42-4595-4719-A9B6-3924884A1D84}
	EndGlobalSection
EndGlobal
